src	https://github.com/LLNL/ExaCA.git	2.1.0	d26e59cd51e241a327c5267d43fd70537e5425f7
deps/kokkos	https://github.com/kokkos/kokkos.git	4.7.04	82799e4577568f9666bde36265ac15d78da3e6c8
deps/json/json-3.12.0.tar.xz	https://github.com/nlohmann/json/releases/download/v3.12.0/json.tar.xz	3.12.0	sha256:42f6e95cad6ec532fd372391373363b62a14af6d771056dbfc86160e6dfff7aa
