schema: hpcperf-source-lock-1
name: lammps
level: 3
application: LAMMPS
variant: null
benchmark_source_version: stable_22Jul2025_update6
upstream:
  url: https://github.com/lammps/lammps.git
  tag: stable_22Jul2025_update6
  commit: 9c5ab448c78a14fd534619622162ba418d6a1fb1
archive:
  path: archives/source_bundle.tar.zst
  sha256: 4f6e1096de3a6671326c9aaabd40510ee4a610df961b605633f8cffd2c2cbca1
  compression: zstd
  zstd_level: 19
  zstd_version: 1.5.6
  tar_format: hpcperf-tar-1
  compressed_size: 115344817
  uncompressed_size: 457028170
  tar_entries: 14793
  file_count: 13714
  symlink_count: 179
materialized_tree:
  sha256: d7549c2f6d1b5b6c76575b7bf3b0f528cfa69b9b057aa0b3ef0f03921bdf8e48
  algorithm: hpcperf-tree-1
  entries: 13893
  layout:
  - src/
patches: []
dependencies:
  bundled:
  - path: lib/kokkos
    project: Kokkos
    version: 4.6.2
    license: Apache-2.0 WITH LLVM-exception
    note: the Kokkos LAMMPS bundles (upstream-supported KOKKOS package path)
    component: src
  - path: lib
    project: LAMMPS bundled auxiliary libraries (colvars, gpu, ml-*, ...)
    license: per lib/<name>/README
    note: not built by this benchmark except lib/kokkos
    component: src
  benchmark_specific: []
  environment_provided:
  - name: CUDA Toolkit
    version: 13.2.78
    provided_by: node /usr/local/cuda (hpcperf_env.sh)
  - name: GCC (nvcc_wrapper host compiler)
    version: 13.3.0
    provided_by: .conda_env
  - name: Open MPI
    version: 5.0.10
    provided_by: .conda_env (site profile gmu-hopper)
  - name: CMake / Ninja
    provided_by: .conda_env
  - name: Slurm
    GPU driver: null
    UCX: null
    provided_by: site
components:
- dest: src
  kind: git
  category: application
  url: https://github.com/lammps/lammps.git
  ref: stable_22Jul2025_update6
  commit: 9c5ab448c78a14fd534619622162ba418d6a1fb1
  sha256: null
  checkout: _upstream/level3/lammps
  submodules: []
  excluded: []
  license:
    spdx: GPL-2.0-only
    files:
    - LICENSE
equivalence:
- archive_path: src
  validated_tree: _upstream/level3/lammps
  status: EQUIVALENT
  summary:
    identical: 13893
    expected_patch_difference: 0
    expected_generated_difference: 0
    expected_normalization_excluded: 0
    expected_build_artifact: 0
    expected_added: 0
    missing_source: 0
    extra_source: 0
    unexpected_content_difference: 0
    unexpected_total: 0
    frozen_entries: 13893
    validated_entries_considered: 13893
licenses:
- path: src
  project: LAMMPS
  license: GPL-2.0-only
  url: https://github.com/lammps/lammps
  commit: 9c5ab448c78a14fd534619622162ba418d6a1fb1
- path: src/lib/kokkos
  project: Kokkos (bundled)
  license: Apache-2.0 WITH LLVM-exception
  url: https://github.com/kokkos/kokkos
  version: 4.6.2
- path: src/potentials + src/bench/POTENTIALS
  project: LAMMPS potential files (upstream repository content)
  license: GPL-2.0-only (repository)
  url: https://github.com/lammps/lammps
freeze_tool_version: freeze-1.0
freeze_timestamp: '2026-09-08T08:10:27Z'
note: freeze_timestamp and the archive metadata are not part of source_tree_sha256
