src	https://github.com/cp2k/cp2k.git	v2026.2	67b5da876dd6a76b8b021d5a04d1c81ba79a4c50
deps/cp2k-toolchain-dist/OpenBLAS-0.3.33.tar.gz	https://www.cp2k.org/static/downloads/OpenBLAS-0.3.33.tar.gz	0.3.33	sha256:6761af1d9f5d353ab4f0b7497be2643313b36c8f31caec0144bfef198e71e6ab
deps/cp2k-toolchain-dist/dbcsr-2.10.0.tar.gz	https://www.cp2k.org/static/downloads/dbcsr-2.10.0.tar.gz	2.10.0	sha256:3d897220fbb4498215331efad6905eb7744881b4cf04eb5c5fb4db7c48a56ef9
deps/cp2k-toolchain-dist/scalapack-2.2.3.tar.gz	https://www.cp2k.org/static/downloads/scalapack-2.2.3.tar.gz	2.2.3	sha256:5d93701eca663925e98010dd8d0f45fd79b2191d74e5afa5711d587370a8b9dd
deps/cp2k-toolchain-dist/fftw-3.3.11.tar.gz	https://www.cp2k.org/static/downloads/fftw-3.3.11.tar.gz	3.3.11	sha256:5630c24cdeb33b131612f7eb4b1a9934234754f9f388ff8617458d0be6f239a1
deps/cp2k-toolchain-dist/libint-v2.13.1-cp2k-lmax-5.tar.xz	https://www.cp2k.org/static/downloads/libint-v2.13.1-cp2k-lmax-5.tar.xz	2.13.1	sha256:527000f915bea9879391273b96689a8c2b98beeec37cb64637e3c11dd421a5e8
deps/cp2k-toolchain-dist/libxc-7.0.0.tar.bz2	https://www.cp2k.org/static/downloads/libxc-7.0.0.tar.bz2	7.0.0	sha256:e9ae69f8966d8de6b7585abd9fab588794ada1fab8f689337959a35abbf9527d
deps/cp2k-toolchain-dist/libxsmm-2.0.0.tar.gz	https://www.cp2k.org/static/downloads/libxsmm-2.0.0.tar.gz	2.0.0	sha256:7e532dc5520f864ce6d7f44f3fd50365e3edb23da97dbdc54fd53845d86a290b
deps/cp2k-toolchain-dist/libxs-1.0.0.tar.gz	https://www.cp2k.org/static/downloads/libxs-1.0.0.tar.gz	1.0.0	sha256:de26f50cb986a2f0e4f92c0eb489d40a44f7e4c5acd22751a6cfa2829dabd04d
deps/cp2k-toolchain-dist/spglib-2.7.0.tar.gz	https://www.cp2k.org/static/downloads/spglib-2.7.0.tar.gz	2.7.0	sha256:b22fc9abae9716c574fbc6d55cfc53ed654a714fccc5657a26ff5d18114bd8bd
deps/cp2k-toolchain-dist/eigen-5.0.1.tar.gz	https://www.cp2k.org/static/downloads/eigen-5.0.1.tar.gz	5.0.1	sha256:e9c326dc8c05cd1e044c71f30f1b2e34a6161a3b6ecf445d56b53ff1669e3dec
